{
	"name": "@nodosjs/core",
	"version": "0.0.38",
	"lockfileVersion": 1,
	"requires": true,
	"dependencies": {
		"async": {
			"version": "3.2.0",
			"resolved": "https://registry.npmjs.org/async/-/async-3.2.0.tgz",
			"integrity": "sha512-TR2mEZFVOj2pLStYxLht7TyfuRzaydfpxr3k9RpHIzMgw7A64dzsdqCxH1WJyQdoe8T10nDXd9wnEigmiuHIZw=="
		},
		"depd": {
			"version": "1.1.2",
			"resolved": "https://registry.npmjs.org/depd/-/depd-1.1.2.tgz",
			"integrity": "sha1-m81S4UwJd2PnSbJ0xDRu0uVgtak="
		},
		"fastify-method-override": {
			"version": "1.4.1",
			"resolved": "https://registry.npmjs.org/fastify-method-override/-/fastify-method-override-1.4.1.tgz",
			"integrity": "sha512-d2eezCrx/ExDszTrxh/yrCFkKkpDiE92Xl7SrSjV9OHxQuNeWg02AFgzFXKN9QNU5ZcEkX1otSO1tydA3Of3Iw==",
			"requires": {
				"async": "^3.2.0",
				"fastify-plugin": "^2.0.1",
				"http-errors": "^1.8.0",
				"lodash": "^4.17.19",
				"path-to-regexp": "^6.1.0"
			}
		},
		"fastify-plugin": {
			"version": "2.3.0",
			"resolved": "https://registry.npmjs.org/fastify-plugin/-/fastify-plugin-2.3.0.tgz",
			"integrity": "sha512-FOfgK3ORSXMl9AbXmkADH2gZ4qiegcYuJfDxKNlL0jQKLndbXYoBjifinYkSi2mTewDwu/LMlAGe4PVyhLpSXA==",
			"requires": {
				"semver": "^7.3.2"
			}
		},
		"http-errors": {
			"version": "1.8.0",
			"resolved": "https://registry.npmjs.org/http-errors/-/http-errors-1.8.0.tgz",
			"integrity": "sha512-4I8r0C5JDhT5VkvI47QktDW75rNlGVsUf/8hzjCC/wkWI/jdTRmBb9aI7erSG82r1bjKY3F6k28WnsVxB1C73A==",
			"requires": {
				"depd": "~1.1.2",
				"inherits": "2.0.4",
				"setprototypeof": "1.2.0",
				"statuses": ">= 1.5.0 < 2",
				"toidentifier": "1.0.0"
			},
			"dependencies": {
				"statuses": {
					"version": "1.5.0",
					"resolved": "https://registry.npmjs.org/statuses/-/statuses-1.5.0.tgz",
					"integrity": "sha1-Fhx9rBd2Wf2YEfQ3cfqZOBR4Yow="
				}
			}
		},
		"inherits": {
			"version": "2.0.4",
			"resolved": "https://registry.npmjs.org/inherits/-/inherits-2.0.4.tgz",
			"integrity": "sha512-k/vGaX4/Yla3WzyMCvTQOXYeIHvqOKtnqBduzTHpzpQZzAskKMhZ2K+EnBiSM9zGSoIFeMpXKxa4dYeZIQqewQ=="
		},
		"lodash": {
			"version": "4.17.20",
			"resolved": "https://registry.npmjs.org/lodash/-/lodash-4.17.20.tgz",
			"integrity": "sha512-PlhdFcillOINfeV7Ni6oF1TAEayyZBoZ8bcshTHqOYJYlrqzRK5hagpagky5o4HfCzzd1TRkXPMFq6cKk9rGmA=="
		},
		"path-to-regexp": {
			"version": "6.1.0",
			"resolved": "https://registry.npmjs.org/path-to-regexp/-/path-to-regexp-6.1.0.tgz",
			"integrity": "sha512-h9DqehX3zZZDCEm+xbfU0ZmwCGFCAAraPJWMXJ4+v32NjZJilVg3k1TcKsRgIb8IQ/izZSaydDc1OhJCZvs2Dw=="
		},
		"semver": {
			"version": "7.3.2",
			"resolved": "https://registry.npmjs.org/semver/-/semver-7.3.2.tgz",
			"integrity": "sha512-OrOb32TeeambH6UrhtShmF7CRDqhL6/5XpPNp2DuRH6+9QLw/orhp72j87v8Qa1ScDkvrrBNpZcDejAirJmfXQ=="
		},
		"setprototypeof": {
			"version": "1.2.0",
			"resolved": "https://registry.npmjs.org/setprototypeof/-/setprototypeof-1.2.0.tgz",
			"integrity": "sha512-E5LDX7Wrp85Kil5bhZv46j8jOeboKq5JMmYM3gVGdGH8xFpPWXUMsNrlODCrkoxMEeNi/XZIwuRvY4XNwYMJpw=="
		},
		"toidentifier": {
			"version": "1.0.0",
			"resolved": "https://registry.npmjs.org/toidentifier/-/toidentifier-1.0.0.tgz",
			"integrity": "sha512-yaOH/Pk/VEhBWWTlhI+qXxDFXlejDGcQipMlyxda9nthulaxLZUNcUqFxokp0vcYnvteJln5FNQDRrxj3YcbVw=="
		}
	}
}
