{
	"name": "@nodosjs/helpers",
	"version": "0.0.38",
	"lockfileVersion": 1,
	"requires": true,
	"dependencies": {
		"create-html-element": {
			"version": "3.0.0",
			"resolved": "https://registry.npmjs.org/create-html-element/-/create-html-element-3.0.0.tgz",
			"integrity": "sha512-ce7uOeddOpUC2BVrwyewE6ZlA2oN7jUotRhgq4somwBqsFvGEvVwbq4mZwC7/6EuFggIfI2Hm57yBl5r3SbZcA==",
			"requires": {
				"escape-goat": "^2.0.0",
				"html-tags": "^3.0.0",
				"stringify-attributes": "^2.0.0",
				"type-fest": "^0.5.1"
			}
		},
		"escape-goat": {
			"version": "2.1.1",
			"resolved": "https://registry.npmjs.org/escape-goat/-/escape-goat-2.1.1.tgz",
			"integrity": "sha512-8/uIhbG12Csjy2JEW7D9pHbreaVaS/OpN3ycnyvElTdwM5n6GY6W6e2IPemfvGZeUMqZ9A/3GqIZMgKnBhAw/Q=="
		},
		"html-tags": {
			"version": "3.1.0",
			"resolved": "https://registry.npmjs.org/html-tags/-/html-tags-3.1.0.tgz",
			"integrity": "sha512-1qYz89hW3lFDEazhjW0yVAV87lw8lVkrJocr72XmBkMKsoSVJCQx3W8BXsC7hO2qAt8BoVjYjtAcZ9perqGnNg=="
		},
		"stringify-attributes": {
			"version": "2.0.0",
			"resolved": "https://registry.npmjs.org/stringify-attributes/-/stringify-attributes-2.0.0.tgz",
			"integrity": "sha512-wrVfRV6sCCB6wr3gx8OgKsp/9dSWWbKr8ifLfOxEcd/BBoa8d5pAf4BZb/jQW1JZnoZImjvUdxdo3ikYHZmYiw==",
			"requires": {
				"escape-goat": "^2.0.0"
			}
		},
		"type-fest": {
			"version": "0.5.2",
			"resolved": "https://registry.npmjs.org/type-fest/-/type-fest-0.5.2.tgz",
			"integrity": "sha512-DWkS49EQKVX//Tbupb9TFa19c7+MK1XmzkrZUR8TAktmE/DizXoaoJV6TZ/tSIPXipqNiRI6CyAe7x69Jb6RSw=="
		}
	}
}
