{
  "requires": true,
  "lockfileVersion": 1,
  "dependencies": {
    "nodos": {
      "version": "1.1.0",
      "resolved": "https://registry.npmjs.org/nodos/-/nodos-1.1.0.tgz",
      "integrity": "sha512-JvqBrlXJdLEIDpcHnznW0bxI1aebTeIAEY/rGr2s4yjUGjhL46+JVJblG8SOhsLjPzKnC2P6f3I0V1/0EgF/8Q=="
    }
  }
}
